
Microsoft Visual Studio Solution File, Format Version 12.00
# Visual Studio Version 17
VisualStudioVersion = 17.5.002.0
MinimumVisualStudioVersion = 10.0.40219.1
Project("{9A19103F-16F7-4668-BE54-9A1E7A4F7556}") = "WebApplication1", "WebApplication1.csproj", "{7065CD67-CDE9-48A7-BDC6-EF6A7879CFCC}"
EndProject
Global
	GlobalSection(SolutionConfigurationPlatforms) = preSolution
		Debug|Any CPU = Debug|Any CPU
		Release|Any CPU = Release|Any CPU
	EndGlobalSection
	GlobalSection(ProjectConfigurationPlatforms) = postSolution
		{7065CD67-CDE9-48A7-BDC6-EF6A7879CFCC}.Debug|Any CPU.ActiveCfg = Debug|Any CPU
		{7065CD67-CDE9-48A7-BDC6-EF6A7879CFCC}.Debug|Any CPU.Build.0 = Debug|Any CPU
		{7065CD67-CDE9-48A7-BDC6-EF6A7879CFCC}.Release|Any CPU.ActiveCfg = Release|Any CPU
		{7065CD67-CDE9-48A7-BDC6-EF6A7879CFCC}.Release|Any CPU.Build.0 = Release|Any CPU
	EndGlobalSection
	GlobalSection(SolutionProperties) = preSolution
		HideSolutionNode = FALSE
	EndGlobalSection
	GlobalSection(ExtensibilityGlobals) = postSolution
		SolutionGuid = {9F388C85-9229-4211-BA26-07515CD487CE}
	EndGlobalSection
EndGlobal
